
Microsoft Visual Studio Solution File, Format Version 12.00
# Visual Studio Version 17
VisualStudioVersion = 17.11.35222.181
MinimumVisualStudioVersion = 10.0.40219.1
Project("{FAE04EC0-301F-11D3-BF4B-00C04F79EFBC}") = "TestingTuruu", "TestingTuruu\TestingTuruu.csproj", "{C9427282-6BFE-43C1-A434-E58FA8D58DBC}"
EndProject
Global
	GlobalSection(SolutionConfigurationPlatforms) = preSolution
		Debug|Any CPU = Debug|Any CPU
		Release|Any CPU = Release|Any CPU
	EndGlobalSection
	GlobalSection(ProjectConfigurationPlatforms) = postSolution
		{C9427282-6BFE-43C1-A434-E58FA8D58DBC}.Debug|Any CPU.ActiveCfg = Debug|Any CPU
		{C9427282-6BFE-43C1-A434-E58FA8D58DBC}.Debug|Any CPU.Build.0 = Debug|Any CPU
		{C9427282-6BFE-43C1-A434-E58FA8D58DBC}.Release|Any CPU.ActiveCfg = Release|Any CPU
		{C9427282-6BFE-43C1-A434-E58FA8D58DBC}.Release|Any CPU.Build.0 = Release|Any CPU
	EndGlobalSection
	GlobalSection(SolutionProperties) = preSolution
		HideSolutionNode = FALSE
	EndGlobalSection
	GlobalSection(ExtensibilityGlobals) = postSolution
		SolutionGuid = {9A42D200-8257-4521-AE36-436173A00BEA}
	EndGlobalSection
EndGlobal
